
Microsoft Visual Studio Solution File, Format Version 12.00
# Visual Studio 14
VisualStudioVersion = 14.0.23107.0
MinimumVisualStudioVersion = 10.0.40219.1
Project("{FAE04EC0-301F-11D3-BF4B-00C04F79EFBC}") = "XMLtoHTML", "XMLtoHTML\XMLtoHTML.csproj", "{F083DD85-18EF-441D-83B4-AA984F8FCA78}"
EndProject
Project("{2150E333-8FDC-42A3-9474-1A3956D46DE8}") = "Solution Items", "Solution Items", "{E69D23AE-E1C2-44B9-A2D0-693F215260D6}"
	ProjectSection(SolutionItems) = preProject
		XMLtoHTML\test\template.xslt = XMLtoHTML\test\template.xslt
		XMLtoHTML\test\xml_test.xml = XMLtoHTML\test\xml_test.xml
	EndProjectSection
EndProject
Global
	GlobalSection(SolutionConfigurationPlatforms) = preSolution
		Debug|Any CPU = Debug|Any CPU
		Release|Any CPU = Release|Any CPU
	EndGlobalSection
	GlobalSection(ProjectConfigurationPlatforms) = postSolution
		{F083DD85-18EF-441D-83B4-AA984F8FCA78}.Debug|Any CPU.ActiveCfg = Debug|Any CPU
		{F083DD85-18EF-441D-83B4-AA984F8FCA78}.Debug|Any CPU.Build.0 = Debug|Any CPU
		{F083DD85-18EF-441D-83B4-AA984F8FCA78}.Release|Any CPU.ActiveCfg = Release|Any CPU
		{F083DD85-18EF-441D-83B4-AA984F8FCA78}.Release|Any CPU.Build.0 = Release|Any CPU
	EndGlobalSection
	GlobalSection(SolutionProperties) = preSolution
		HideSolutionNode = FALSE
	EndGlobalSection
EndGlobal
